
Microsoft Visual Studio Solution File, Format Version 12.00
# Visual Studio Version 17
VisualStudioVersion = 17.14.36109.1 d17.14
MinimumVisualStudioVersion = 10.0.40219.1
Project("{8BC9CEB8-8B4A-11D0-8D11-00A0C91BC942}") = "Project1", "Project1.vcxproj", "{4C76BF0D-7E4A-4989-A2F3-8FA4A3EE3310}"
EndProject
Global
	GlobalSection(SolutionConfigurationPlatforms) = preSolution
		Debug|x64 = Debug|x64
		Debug|x86 = Debug|x86
		Release|x64 = Release|x64
		Release|x86 = Release|x86
	EndGlobalSection
	GlobalSection(ProjectConfigurationPlatforms) = postSolution
		{4C76BF0D-7E4A-4989-A2F3-8FA4A3EE3310}.Debug|x64.ActiveCfg = Debug|x64
		{4C76BF0D-7E4A-4989-A2F3-8FA4A3EE3310}.Debug|x64.Build.0 = Debug|x64
		{4C76BF0D-7E4A-4989-A2F3-8FA4A3EE3310}.Debug|x86.ActiveCfg = Debug|Win32
		{4C76BF0D-7E4A-4989-A2F3-8FA4A3EE3310}.Debug|x86.Build.0 = Debug|Win32
		{4C76BF0D-7E4A-4989-A2F3-8FA4A3EE3310}.Release|x64.ActiveCfg = Release|x64
		{4C76BF0D-7E4A-4989-A2F3-8FA4A3EE3310}.Release|x64.Build.0 = Release|x64
		{4C76BF0D-7E4A-4989-A2F3-8FA4A3EE3310}.Release|x86.ActiveCfg = Release|Win32
		{4C76BF0D-7E4A-4989-A2F3-8FA4A3EE3310}.Release|x86.Build.0 = Release|Win32
	EndGlobalSection
	GlobalSection(SolutionProperties) = preSolution
		HideSolutionNode = FALSE
	EndGlobalSection
	GlobalSection(ExtensibilityGlobals) = postSolution
		SolutionGuid = {4546D156-35F2-4D7D-9163-280598623014}
	EndGlobalSection
EndGlobal
